
Microsoft Visual Studio Solution File, Format Version 12.00
# Visual Studio Version 16
VisualStudioVersion = 16.0.30804.86
MinimumVisualStudioVersion = 10.0.40219.1
Project("{FAE04EC0-301F-11D3-BF4B-00C04F79EFBC}") = "String Layout Change", "String Layout Change\String Layout Change.csproj", "{B1E89A2B-9FAF-4466-B62D-5F929B2D481F}"
EndProject
Global
	GlobalSection(SolutionConfigurationPlatforms) = preSolution
		Debug|Any CPU = Debug|Any CPU
		Release|Any CPU = Release|Any CPU
	EndGlobalSection
	GlobalSection(ProjectConfigurationPlatforms) = postSolution
		{B1E89A2B-9FAF-4466-B62D-5F929B2D481F}.Debug|Any CPU.ActiveCfg = Debug|Any CPU
		{B1E89A2B-9FAF-4466-B62D-5F929B2D481F}.Debug|Any CPU.Build.0 = Debug|Any CPU
		{B1E89A2B-9FAF-4466-B62D-5F929B2D481F}.Release|Any CPU.ActiveCfg = Release|Any CPU
		{B1E89A2B-9FAF-4466-B62D-5F929B2D481F}.Release|Any CPU.Build.0 = Release|Any CPU
	EndGlobalSection
	GlobalSection(SolutionProperties) = preSolution
		HideSolutionNode = FALSE
	EndGlobalSection
	GlobalSection(ExtensibilityGlobals) = postSolution
		SolutionGuid = {1CD68CEA-EBCA-4D58-A2EB-35700973CB4D}
	EndGlobalSection
EndGlobal
